# THIS IS AN AUTOGENERATED FILE. DO NOT EDIT THIS FILE DIRECTLY.
# yarn lockfile v1


"@fortawesome/fontawesome-common-types@^0.1.7":
  version "0.1.7"
  resolved "https://registry.yarnpkg.com/@fortawesome/fontawesome-common-types/-/fontawesome-common-types-0.1.7.tgz#4336c4b06d0b5608ff1215464b66fcf9f4795284"
  integrity sha512-ego8jRVSHfq/iq4KRZJKQeUAdi3ZjGNrqw4oPN3fNdvTBnLCSntwVCnc37bsAJP9UB8MhrTfPnZYxkv2vpS4pg==

"@fortawesome/fontawesome-free@^5.12.1":
  version "5.12.1"
  resolved "https://registry.yarnpkg.com/@fortawesome/fontawesome-free/-/fontawesome-free-5.12.1.tgz#2a98fea9fbb8a606ddc79a4680034e9d5591c550"
  integrity sha512-ZtjIIFplxncqxvogq148C3hBLQE+W3iJ8E4UvJ09zIJUgzwLcROsWwFDErVSXY2Plzao5J9KUYNHKHMEUYDMKw==

"@fortawesome/fontawesome@^1.1.8":
  version "1.1.8"
  resolved "https://registry.yarnpkg.com/@fortawesome/fontawesome/-/fontawesome-1.1.8.tgz#75fe66a60f95508160bb16bd781ad7d89b280f5b"
  integrity sha512-c0/MtkPVT0fmiFcCyYoPjkG9PkMOvfrZw2+0BaJ+Rh6UEcK1AR/LaRgrHHjUkbAbs9LXxQJhFS8CJ4uSnK2+JA==
  dependencies:
    "@fortawesome/fontawesome-common-types" "^0.1.7"

bootstrap@^4.3.1:
  version "4.4.1"
  resolved "https://registry.yarnpkg.com/bootstrap/-/bootstrap-4.4.1.tgz#8582960eea0c5cd2bede84d8b0baf3789c3e8b01"
  integrity sha512-tbx5cHubwE6e2ZG7nqM3g/FZ5PQEDMWmMGNrCUBVRPHXTJaH7CBDdsLeu3eCh3B1tzAxTnAbtmrzvWEvT2NNEA==

ev-emitter@^1.0.0:
  version "1.1.1"
  resolved "https://registry.yarnpkg.com/ev-emitter/-/ev-emitter-1.1.1.tgz#8f18b0ce5c76a5d18017f71c0a795c65b9138f2a"
  integrity sha512-ipiDYhdQSCZ4hSbX4rMW+XzNKMD1prg/sTvoVmSLkuQ1MVlwjJQQA+sW8tMYR3BLUr9KjodFV4pvzunvRhd33Q==

imagesloaded@^4.1.4:
  version "4.1.4"
  resolved "https://registry.yarnpkg.com/imagesloaded/-/imagesloaded-4.1.4.tgz#1376efcd162bb768c34c3727ac89cc04051f3cc7"
  integrity sha512-ltiBVcYpc/TYTF5nolkMNsnREHW+ICvfQ3Yla2Sgr71YFwQ86bDwV9hgpFhFtrGPuwEx5+LqOHIrdXBdoWwwsA==
  dependencies:
    ev-emitter "^1.0.0"

jquery@^3.5.0:
  version "3.5.0"
  resolved "https://registry.yarnpkg.com/jquery/-/jquery-3.5.0.tgz#9980b97d9e4194611c36530e7dc46a58d7340fc9"
  integrity sha512-Xb7SVYMvygPxbFMpTFQiHh1J7HClEaThguL15N/Gg37Lri/qKyhRGZYzHRyLH8Stq3Aow0LsHO2O2ci86fCrNQ==

matchheight@^0.1.2:
  version "0.1.2"
  resolved "https://registry.yarnpkg.com/matchheight/-/matchheight-0.1.2.tgz#1751d330e1150000a2147f7a8c39e12ed331805f"
  integrity sha512-LNb9lwOxWa5osBU96kDA2cONRtAz15tm2Cjpm1PxeJVNyi17VKpDH6JlC3b4XaFxYKKrQd6zQzYfEaChZrQDMw==

popper.js@^1.15.0:
  version "1.16.1"
  resolved "https://registry.yarnpkg.com/popper.js/-/popper.js-1.16.1.tgz#2a223cb3dc7b6213d740e40372be40de43e65b1b"
  integrity sha512-Wb4p1J4zyFTbM+u6WuO4XstYx4Ky9Cewe4DWrel7B0w6VVICvPwdOpotjzcf6eD8TsckVnIMNONQyPIUFOUbCQ==

tether@^1.4.6:
  version "1.4.7"
  resolved "https://registry.yarnpkg.com/tether/-/tether-1.4.7.tgz#d56a818590d8fe72e387f77a67f93ab96d8e1fb2"
  integrity sha512-Z0J1aExjoFU8pybVkQAo/vD2wfSO63r+XOPfWQMC5qtf1bI7IWqNk4MiyBcgvvnY8kqnY06dVdvwTK2S3PU/Fw==
